// !$*UTF8*$!
{
	archiveVersion = 1;
	classes = {
	};
	objectVersion = 50;
	objects = {

/* Begin PBXBuildFile section */
		924B15AE237AE7380011A1C2 /* AppDelegate.swift in Sources */ = {isa = PBXBuildFile; fileRef = 924B15AD237AE7380011A1C2 /* AppDelegate.swift */; };
		924B15B0237AE7380011A1C2 /* SceneDelegate.swift in Sources */ = {isa = PBXBuildFile; fileRef = 924B15AF237AE7380011A1C2 /* SceneDelegate.swift */; };
		924B15B2237AE7380011A1C2 /* ViewController.swift in Sources */ = {isa = PBXBuildFile; fileRef = 924B15B1237AE7380011A1C2 /* ViewController.swift */; };
		924B15B7237AE7390011A1C2 /* Assets.xcassets in Resources */ = {isa = PBXBuildFile; fileRef = 924B15B6237AE7390011A1C2 /* Assets.xcassets */; };
		924B15BA237AE7390011A1C2 /* LaunchScreen.storyboard in Resources */ = {isa = PBXBuildFile; fileRef = 924B15B8237AE7390011A1C2 /* LaunchScreen.storyboard */; };
		924B15C1237AE8990011A1C2 /* Main.storyboard in Resources */ = {isa = PBXBuildFile; fileRef = 924B15B3237AE7380011A1C2 /* Main.storyboard */; };
		924B15C5237AF92C0011A1C2 /* FactSource.swift in Sources */ = {isa = PBXBuildFile; fileRef = 924B15C4237AF92C0011A1C2 /* FactSource.swift */; };
		924B15C7237B27140011A1C2 /* BackgroundColorSource.swift in Sources */ = {isa = PBXBuildFile; fileRef = 924B15C6237B27140011A1C2 /* BackgroundColorSource.swift */; };
/* End PBXBuildFile section */

/* Begin PBXFileReference section */
		924B15AA237AE7380011A1C2 /* RecycllingFacts.app */ = {isa = PBXFileReference; explicitFileType = wrapper.application; includeInIndex = 0; path = RecycllingFacts.app; sourceTree = BUILT_PRODUCTS_DIR; };
		924B15AD237AE7380011A1C2 /* AppDelegate.swift */ = {isa = PBXFileReference; lastKnownFileType = sourcecode.swift; path = AppDelegate.swift; sourceTree = "<group>"; };
		924B15AF237AE7380011A1C2 /* SceneDelegate.swift */ = {isa = PBXFileReference; lastKnownFileType = sourcecode.swift; path = SceneDelegate.swift; sourceTree = "<group>"; };
		924B15B1237AE7380011A1C2 /* ViewController.swift */ = {isa = PBXFileReference; lastKnownFileType = sourcecode.swift; path = ViewController.swift; sourceTree = "<group>"; };
		924B15B4237AE7380011A1C2 /* Base */ = {isa = PBXFileReference; lastKnownFileType = file.storyboard; name = Base; path = Base.lproj/Main.storyboard; sourceTree = "<group>"; };
		924B15B6237AE7390011A1C2 /* Assets.xcassets */ = {isa = PBXFileReference; lastKnownFileType = folder.assetcatalog; path = Assets.xcassets; sourceTree = "<group>"; };
		924B15B9237AE7390011A1C2 /* Base */ = {isa = PBXFileReference; lastKnownFileType = file.storyboard; name = Base; path = Base.lproj/LaunchScreen.storyboard; sourceTree = "<group>"; };
		924B15BB237AE7390011A1C2 /* Info.plist */ = {isa = PBXFileReference; lastKnownFileType = text.plist.xml; path = Info.plist; sourceTree = "<group>"; };
		924B15C3237AE9630011A1C2 /* en */ = {isa = PBXFileReference; lastKnownFileType = text.plist.strings; name = en; path = en.lproj/Main.strings; sourceTree = "<group>"; };
		924B15C4237AF92C0011A1C2 /* FactSource.swift */ = {isa = PBXFileReference; lastKnownFileType = sourcecode.swift; path = FactSource.swift; sourceTree = "<group>"; };
		924B15C6237B27140011A1C2 /* BackgroundColorSource.swift */ = {isa = PBXFileReference; lastKnownFileType = sourcecode.swift; path = BackgroundColorSource.swift; sourceTree = "<group>"; };
/* End PBXFileReference section */

/* Begin PBXFrameworksBuildPhase section */
		924B15A7237AE7380011A1C2 /* Frameworks */ = {
			isa = PBXFrameworksBuildPhase;
			buildActionMask = 2147483647;
			files = (
			);
			runOnlyForDeploymentPostprocessing = 0;
		};
/* End PBXFrameworksBuildPhase section */

/* Begin PBXGroup section */
		924B15A1237AE7380011A1C2 = {
			isa = PBXGroup;
			children = (
				924B15AC237AE7380011A1C2 /* RecycllingFacts */,
				924B15AB237AE7380011A1C2 /* Products */,
			);
			sourceTree = "<group>";
		};
		924B15AB237AE7380011A1C2 /* Products */ = {
			isa = PBXGroup;
			children = (
				924B15AA237AE7380011A1C2 /* RecycllingFacts.app */,
			);
			name = Products;
			sourceTree = "<group>";
		};
		924B15AC237AE7380011A1C2 /* RecycllingFacts */ = {
			isa = PBXGroup;
			children = (
				924B15C4237AF92C0011A1C2 /* FactSource.swift */,
				924B15AD237AE7380011A1C2 /* AppDelegate.swift */,
				924B15AF237AE7380011A1C2 /* SceneDelegate.swift */,
				924B15B1237AE7380011A1C2 /* ViewController.swift */,
				924B15C6237B27140011A1C2 /* BackgroundColorSource.swift */,
				924B15B3237AE7380011A1C2 /* Main.storyboard */,
				924B15B6237AE7390011A1C2 /* Assets.xcassets */,
				924B15B8237AE7390011A1C2 /* LaunchScreen.storyboard */,
				924B15BB237AE7390011A1C2 /* Info.plist */,
			);
			path = RecycllingFacts;
			sourceTree = "<group>";
		};
/* End PBXGroup section */

/* Begin PBXNativeTarget section */
		924B15A9237AE7380011A1C2 /* RecycllingFacts */ = {
			isa = PBXNativeTarget;
			buildConfigurationList = 924B15BE237AE7390011A1C2 /* Build configuration list for PBXNativeTarget "RecycllingFacts" */;
			buildPhases = (
				924B15A6237AE7380011A1C2 /* Sources */,
				924B15A7237AE7380011A1C2 /* Frameworks */,
				924B15A8237AE7380011A1C2 /* Resources */,
			);
			buildRules = (
			);
			dependencies = (
			);
			name = RecycllingFacts;
			productName = RecycllingFacts;
			productReference = 924B15AA237AE7380011A1C2 /* RecycllingFacts.app */;
			productType = "com.apple.product-type.application";
		};
/* End PBXNativeTarget section */

/* Begin PBXProject section */
		924B15A2237AE7380011A1C2 /* Project object */ = {
			isa = PBXProject;
			attributes = {
				LastSwiftUpdateCheck = 1100;
				LastUpgradeCheck = 1100;
				ORGANIZATIONNAME = "Esra J";
				TargetAttributes = {
					924B15A9237AE7380011A1C2 = {
						CreatedOnToolsVersion = 11.0;
					};
				};
			};
			buildConfigurationList = 924B15A5237AE7380011A1C2 /* Build configuration list for PBXProject "RecycllingFacts" */;
			compatibilityVersion = "Xcode 9.3";
			developmentRegion = en;
			hasScannedForEncodings = 0;
			knownRegions = (
				en,
				Base,
			);
			mainGroup = 924B15A1237AE7380011A1C2;
			productRefGroup = 924B15AB237AE7380011A1C2 /* Products */;
			projectDirPath = "";
			projectRoot = "";
			targets = (
				924B15A9237AE7380011A1C2 /* RecycllingFacts */,
			);
		};
/* End PBXProject section */

/* Begin PBXResourcesBuildPhase section */
		924B15A8237AE7380011A1C2 /* Resources */ = {
			isa = PBXResourcesBuildPhase;
			buildActionMask = 2147483647;
			files = (
				924B15C1237AE8990011A1C2 /* Main.storyboard in Resources */,
				924B15BA237AE7390011A1C2 /* LaunchScreen.storyboard in Resources */,
				924B15B7237AE7390011A1C2 /* Assets.xcassets in Resources */,
			);
			runOnlyForDeploymentPostprocessing = 0;
		};
/* End PBXResourcesBuildPhase section */

/* Begin PBXSourcesBuildPhase section */
		924B15A6237AE7380011A1C2 /* Sources */ = {
			isa = PBXSourcesBuildPhase;
			buildActionMask = 2147483647;
			files = (
				924B15B2237AE7380011A1C2 /* ViewController.swift in Sources */,
				924B15AE237AE7380011A1C2 /* AppDelegate.swift in Sources */,
				924B15C7237B27140011A1C2 /* BackgroundColorSource.swift in Sources */,
				924B15C5237AF92C0011A1C2 /* FactSource.swift in Sources */,
				924B15B0237AE7380011A1C2 /* SceneDelegate.swift in Sources */,
			);
			runOnlyForDeploymentPostprocessing = 0;
		};
/* End PBXSourcesBuildPhase section */

/* Begin PBXVariantGroup section */
		924B15B3237AE7380011A1C2 /* Main.storyboard */ = {
			isa = PBXVariantGroup;
			children = (
				924B15B4237AE7380011A1C2 /* Base */,
				924B15C3237AE9630011A1C2 /* en */,
			);
			name = Main.storyboard;
			sourceTree = "<group>";
		};
		924B15B8237AE7390011A1C2 /* LaunchScreen.storyboard */ = {
			isa = PBXVariantGroup;
			children = (
				924B15B9237AE7390011A1C2 /* Base */,
			);
			name = LaunchScreen.storyboard;
			sourceTree = "<group>";
		};
/* End PBXVariantGroup section */

/* Begin XCBuildConfiguration section */
		924B15BC237AE7390011A1C2 /* Debug */ = {
			isa = XCBuildConfiguration;
			buildSettings = {
				ALWAYS_SEARCH_USER_PATHS = NO;
				CLANG_ANALYZER_NONNULL = YES;
				CLANG_ANALYZER_NUMBER_OBJECT_CONVERSION = YES_AGGRESSIVE;
				CLANG_CXX_LANGUAGE_STANDARD = "gnu++14";
				CLANG_CXX_LIBRARY = "libc++";
				CLANG_ENABLE_MODULES = YES;
				CLANG_ENABLE_OBJC_ARC = YES;
				CLANG_ENABLE_OBJC_WEAK = YES;
				CLANG_WARN_BLOCK_CAPTURE_AUTORELEASING = YES;
				CLANG_WARN_BOOL_CONVERSION = YES;
				CLANG_WARN_COMMA = YES;
				CLANG_WARN_CONSTANT_CONVERSION = YES;
				CLANG_WARN_DEPRECATED_OBJC_IMPLEMENTATIONS = YES;
				CLANG_WARN_DIRECT_OBJC_ISA_USAGE = YES_ERROR;
				CLANG_WARN_DOCUMENTATION_COMMENTS = YES;
				CLANG_WARN_EMPTY_BODY = YES;
				CLANG_WARN_ENUM_CONVERSION = YES;
				CLANG_WARN_INFINITE_RECURSION = YES;
				CLANG_WARN_INT_CONVERSION = YES;
				CLANG_WARN_NON_LITERAL_NULL_CONVERSION = YES;
				CLANG_WARN_OBJC_IMPLICIT_RETAIN_SELF = YES;
				CLANG_WARN_OBJC_LITERAL_CONVERSION = YES;
				CLANG_WARN_OBJC_ROOT_CLASS = YES_ERROR;
				CLANG_WARN_RANGE_LOOP_ANALYSIS = YES;
				CLANG_WARN_STRICT_PROTOTYPES = YES;
				CLANG_WARN_SUSPICIOUS_MOVE = YES;
				CLANG_WARN_UNGUARDED_AVAILABILITY = YES_AGGRESSIVE;
				CLANG_WARN_UNREACHABLE_CODE = YES;
				CLANG_WARN__DUPLICATE_METHOD_MATCH = YES;
				COPY_PHASE_STRIP = NO;
				DEBUG_INFORMATION_FORMAT = dwarf;
				ENABLE_STRICT_OBJC_MSGSEND = YES;
				ENABLE_TESTABILITY = YES;
				GCC_C_LANGUAGE_STANDARD = gnu11;
				GCC_DYNAMIC_NO_PIC = NO;
				GCC_NO_COMMON_BLOCKS = YES;
				GCC_OPTIMIZATION_LEVEL = 0;
				GCC_PREPROCESSOR_DEFINITIONS = (
					"DEBUG=1",
					"$(inherited)",
				);
				GCC_WARN_64_TO_32_BIT_CONVERSION = YES;
				GCC_WARN_ABOUT_RETURN_TYPE = YES_ERROR;
				GCC_WARN_UNDECLARED_SELECTOR = YES;
				GCC_WARN_UNINITIALIZED_AUTOS = YES_AGGRESSIVE;
				GCC_WARN_UNUSED_FUNCTION = YES;
				GCC_WARN_UNUSED_VARIABLE = YES;
				IPHONEOS_DEPLOYMENT_TARGET = 13.0;
				MTL_ENABLE_DEBUG_INFO = INCLUDE_SOURCE;
				MTL_FAST_MATH = YES;
				ONLY_ACTIVE_ARCH = YES;
				SDKROOT = iphoneos;
				SWIFT_ACTIVE_COMPILATION_CONDITIONS = DEBUG;
				SWIFT_OPTIMIZATION_LEVEL = "-Onone";
			};
			name = Debug;
		};
		924B15BD237AE7390011A1C2 /* Release */ = {
			isa = XCBuildConfiguration;
			buildSettings = {
				ALWAYS_SEARCH_USER_PATHS = NO;
				CLANG_ANALYZER_NONNULL = YES;
				CLANG_ANALYZER_NUMBER_OBJECT_CONVERSION = YES_AGGRESSIVE;
				CLANG_CXX_LANGUAGE_STANDARD = "gnu++14";
				CLANG_CXX_LIBRARY = "libc++";
				CLANG_ENABLE_MODULES = YES;
				CLANG_ENABLE_OBJC_ARC = YES;
				CLANG_ENABLE_OBJC_WEAK = YES;
				CLANG_WARN_BLOCK_CAPTURE_AUTORELEASING = YES;
				CLANG_WARN_BOOL_CONVERSION = YES;
				CLANG_WARN_COMMA = YES;
				CLANG_WARN_CONSTANT_CONVERSION = YES;
				CLANG_WARN_DEPRECATED_OBJC_IMPLEMENTATIONS = YES;
				CLANG_WARN_DIRECT_OBJC_ISA_USAGE = YES_ERROR;
				CLANG_WARN_DOCUMENTATION_COMMENTS = YES;
				CLANG_WARN_EMPTY_BODY = YES;
				CLANG_WARN_ENUM_CONVERSION = YES;
				CLANG_WARN_INFINITE_RECURSION = YES;
				CLANG_WARN_INT_CONVERSION = YES;
				CLANG_WARN_NON_LITERAL_NULL_CONVERSION = YES;
				CLANG_WARN_OBJC_IMPLICIT_RETAIN_SELF = YES;
				CLANG_WARN_OBJC_LITERAL_CONVERSION = YES;
				CLANG_WARN_OBJC_ROOT_CLASS = YES_ERROR;
				CLANG_WARN_RANGE_LOOP_ANALYSIS = YES;
				CLANG_WARN_STRICT_PROTOTYPES = YES;
				CLANG_WARN_SUSPICIOUS_MOVE = YES;
				CLANG_WARN_UNGUARDED_AVAILABILITY = YES_AGGRESSIVE;
				CLANG_WARN_UNREACHABLE_CODE = YES;
				CLANG_WARN__DUPLICATE_METHOD_MATCH = YES;
				COPY_PHASE_STRIP = NO;
				DEBUG_INFORMATION_FORMAT = "dwarf-with-dsym";
				ENABLE_NS_ASSERTIONS = NO;
				ENABLE_STRICT_OBJC_MSGSEND = YES;
				GCC_C_LANGUAGE_STANDARD = gnu11;
				GCC_NO_COMMON_BLOCKS = YES;
				GCC_WARN_64_TO_32_BIT_CONVERSION = YES;
				GCC_WARN_ABOUT_RETURN_TYPE = YES_ERROR;
				GCC_WARN_UNDECLARED_SELECTOR = YES;
				GCC_WARN_UNINITIALIZED_AUTOS = YES_AGGRESSIVE;
				GCC_WARN_UNUSED_FUNCTION = YES;
				GCC_WARN_UNUSED_VARIABLE = YES;
				IPHONEOS_DEPLOYMENT_TARGET = 13.0;
				MTL_ENABLE_DEBUG_INFO = NO;
				MTL_FAST_MATH = YES;
				SDKROOT = iphoneos;
				SWIFT_COMPILATION_MODE = wholemodule;
				SWIFT_OPTIMIZATION_LEVEL = "-O";
				VALIDATE_PRODUCT = YES;
			};
			name = Release;
		};
		924B15BF237AE7390011A1C2 /* Debug */ = {
			isa = XCBuildConfiguration;
			buildSettings = {
				ASSETCATALOG_COMPILER_APPICON_NAME = AppIcon;
				CODE_SIGN_STYLE = Automatic;
				DEVELOPMENT_TEAM = 59WV56K234;
				INFOPLIST_FILE = RecycllingFacts/Info.plist;
				LD_RUNPATH_SEARCH_PATHS = (
					"$(inherited)",
					"@executable_path/Frameworks",
				);
				PRODUCT_BUNDLE_IDENTIFIER = e.RecycllingFacts;
				PRODUCT_NAME = "$(TARGET_NAME)";
				SWIFT_VERSION = 5.0;
				TARGETED_DEVICE_FAMILY = "1,2";
			};
			name = Debug;
		};
		924B15C0237AE7390011A1C2 /* Release */ = {
			isa = XCBuildConfiguration;
			buildSettings = {
				ASSETCATALOG_COMPILER_APPICON_NAME = AppIcon;
				CODE_SIGN_STYLE = Automatic;
				DEVELOPMENT_TEAM = 59WV56K234;
				INFOPLIST_FILE = RecycllingFacts/Info.plist;
				LD_RUNPATH_SEARCH_PATHS = (
					"$(inherited)",
					"@executable_path/Frameworks",
				);
				PRODUCT_BUNDLE_IDENTIFIER = e.RecycllingFacts;
				PRODUCT_NAME = "$(TARGET_NAME)";
				SWIFT_VERSION = 5.0;
				TARGETED_DEVICE_FAMILY = "1,2";
			};
			name = Release;
		};
/* End XCBuildConfiguration section */

/* Begin XCConfigurationList section */
		924B15A5237AE7380011A1C2 /* Build configuration list for PBXProject "RecycllingFacts" */ = {
			isa = XCConfigurationList;
			buildConfigurations = (
				924B15BC237AE7390011A1C2 /* Debug */,
				924B15BD237AE7390011A1C2 /* Release */,
			);
			defaultConfigurationIsVisible = 0;
			defaultConfigurationName = Release;
		};
		924B15BE237AE7390011A1C2 /* Build configuration list for PBXNativeTarget "RecycllingFacts" */ = {
			isa = XCConfigurationList;
			buildConfigurations = (
				924B15BF237AE7390011A1C2 /* Debug */,
				924B15C0237AE7390011A1C2 /* Release */,
			);
			defaultConfigurationIsVisible = 0;
			defaultConfigurationName = Release;
		};
/* End XCConfigurationList section */
	};
	rootObject = 924B15A2237AE7380011A1C2 /* Project object */;
}
